NeoBundleLock Auto-Pairs faf25966dd2656c8541333950d177777cd910acd
NeoBundleLock YouCompleteMe 295769ccfd304246c1fae847416a2a15771f7d98
NeoBundleLock ctrlp.vim b5d3fe66a58a13d2ff8b6391f4387608496a030f
NeoBundleLock fonts c4262ba2d4b5ec25c25607e5a802b10f42fca3b4
NeoBundleLock html5.vim e5f9168812dbb2f32f6180173ea94f957ca5efc8
NeoBundleLock mozilla.vim dcdfe8be552f2749eefe6dc878c52dc4db69447f
NeoBundleLock neobundle.vim 9a69b56f24f31cc4e4592f44f03d2fdb8dea92b3
NeoBundleLock nerdcommenter 6549cfde45339bd4f711504196ff3e8b766ef5e6
NeoBundleLock nerdtree af85499edace2acca27ce41790ac333f62b689bb
NeoBundleLock tlib_vim ecf9e08de8b8ed8cf5e1f69f69471b04b7d55652
NeoBundleLock undotree fa018f38252f58073f2987f8bf0d2d4a61e07277
NeoBundleLock vim-addon-mw-utils 0c5612fa31ee434ba055e21c76f456244b3b5109
NeoBundleLock vim-airline f45ecdac15d99ed2354873a8b4d40432fd0a85a3
NeoBundleLock vim-easy-align c62d124be614de65922b15d468c4049d1eee9353
NeoBundleLock vim-markdown d12befde9cfc3d83c04c484107f2d0ac5dc40e45
NeoBundleLock vim-nerdtree-tabs 0decec122e9bb3e9328b01fa20a9650e79cc6ca7
NeoBundleLock vim-sensible d0beb8ab42627bea2c747564ca46ec663e3ba0ba
NeoBundleLock vim-snipmate 2d3e8ddc4424088d8e19c33764fff077f3116f55
NeoBundleLock vim-snippets 1327c1ba54c8c367995b536b8cb7d8e7cc7c4c03
NeoBundleLock vim-surround 772ab9587b7d1e2c3bae75395c9123803059ba8a
NeoBundleLock vimproc.vim c286dcbdfca9e0ee1a4cb90f09c3f03638112f5a
