NeoBundleLock Auto-Pairs faf25966dd2656c8541333950d177777cd910acd
NeoBundleLock Vim-Darkmate 127d9da034177f504f821dd7ef607a29112f1b89
NeoBundleLock YouCompleteMe ba6e1408fd2f6929a8e3f4dc527ed1096945fef8
NeoBundleLock ctrlp.vim b5d3fe66a58a13d2ff8b6391f4387608496a030f
NeoBundleLock html5.vim a47aa2d274daf8675a2b20577b75d573f4c2dfc5
NeoBundleLock mozilla.vim 3ddb8e61758ca8c58472d657d21fc1be0f0d745a
NeoBundleLock neobundle.vim b9ce3904b44af0907c3621a172a0ee5c31a5556f
NeoBundleLock nerdtree 3b98a7fcae8f9fff356907171f0406ff8cd28921
NeoBundleLock tlib_vim 9e629767e5a91ede057d07f8754326e68c92a692
NeoBundleLock undotree 42000e2a7140843030f517de9d4923dd5fa40458
NeoBundleLock vim-addon-mw-utils 0c5612fa31ee434ba055e21c76f456244b3b5109
NeoBundleLock vim-airline 13ee9f456ac1a7d9e427874c7a6981c2461a6c4d
NeoBundleLock vim-markdown 091091fdf8f1f7f42bf1a183eab100f923928841
NeoBundleLock vim-nerdtree-tabs 0decec122e9bb3e9328b01fa20a9650e79cc6ca7
NeoBundleLock vim-snipmate a12de2e399e3a355fa35dc2158e0377ce8fb4291
NeoBundleLock vim-snippets 368973b9d54ef0760a6c4d2f71b31b8759454e83
NeoBundleLock vim-surround fa433e0b7330753688f715f3be5d10dc480f20e5
NeoBundleLock vimproc.vim 04b45cd80f48f66daed04a1a48a7ea4e7d316086
